
Microsoft Visual Studio Solution File, Format Version 11.00
# Visual Studio 2010
Project("{FAE04EC0-301F-11D3-BF4B-00C04F79EFBC}") = "UnityEngine.UI", "UnityEngine.UI.csproj", "{688e929b-865d-6312-7eca-6a6db52a3943}"
EndProject
Project("{FAE04EC0-301F-11D3-BF4B-00C04F79EFBC}") = "UnityEditor.UI", "UnityEditor.UI.csproj", "{7c257811-d460-4934-edc6-c4bd9475a963}"
EndProject
Global
	GlobalSection(SolutionConfigurationPlatforms) = preSolution
		Debug|Any CPU = Debug|Any CPU
	EndGlobalSection
	GlobalSection(ProjectConfigurationPlatforms) = postSolution
		{688e929b-865d-6312-7eca-6a6db52a3943}.Debug|Any CPU.ActiveCfg = Debug|Any CPU
		{688e929b-865d-6312-7eca-6a6db52a3943}.Debug|Any CPU.Build.0 = Debug|Any CPU
		{7c257811-d460-4934-edc6-c4bd9475a963}.Debug|Any CPU.ActiveCfg = Debug|Any CPU
		{7c257811-d460-4934-edc6-c4bd9475a963}.Debug|Any CPU.Build.0 = Debug|Any CPU
	EndGlobalSection
	GlobalSection(SolutionProperties) = preSolution
		HideSolutionNode = FALSE
	EndGlobalSection
EndGlobal
